
Microsoft Visual Studio Solution File, Format Version 12.00
# Visual Studio Version 16
VisualStudioVersion = 16.0.28803.452
MinimumVisualStudioVersion = 10.0.40219.1
Project("{FAE04EC0-301F-11D3-BF4B-00C04F79EFBC}") = "Marketplacetask", "Marketplacetask.csproj", "{183EEC15-0DCB-4EE3-9084-57FDF735A705}"
EndProject
Global
	GlobalSection(SolutionConfigurationPlatforms) = preSolution
		Debug|Any CPU = Debug|Any CPU
		Release|Any CPU = Release|Any CPU
	EndGlobalSection
	GlobalSection(ProjectConfigurationPlatforms) = postSolution
		{183EEC15-0DCB-4EE3-9084-57FDF735A705}.Debug|Any CPU.ActiveCfg = Debug|Any CPU
		{183EEC15-0DCB-4EE3-9084-57FDF735A705}.Debug|Any CPU.Build.0 = Debug|Any CPU
		{183EEC15-0DCB-4EE3-9084-57FDF735A705}.Release|Any CPU.ActiveCfg = Release|Any CPU
		{183EEC15-0DCB-4EE3-9084-57FDF735A705}.Release|Any CPU.Build.0 = Release|Any CPU
	EndGlobalSection
	GlobalSection(SolutionProperties) = preSolution
		HideSolutionNode = FALSE
	EndGlobalSection
	GlobalSection(ExtensibilityGlobals) = postSolution
		SolutionGuid = {EA8D7987-66FD-4A07-A865-C9EFA6C9E402}
	EndGlobalSection
EndGlobal
